Microsoft Visual Studio Solution File, Format Version 12.00
# Visual Studio Version 17
VisualStudioVersion = 17.0.0.0
MinimumVisualStudioVersion = 17.0.0.0

Project("{9A19103F-16F7-4668-BE54-9A1E7A4F7556}") = "CrownATTime.Server", "Server\CrownATTime.Server.csproj", "{549328EB-EF43-43F5-A4A4-1821DAAD74E7}"
EndProject
Project("{9A19103F-16F7-4668-BE54-9A1E7A4F7556}") = "CrownATTime.Client", "Client\CrownATTime.Client.csproj", "{817BD1C8-30F8-4C2A-B413-E9D43E0382A5}"
EndProject
EndProject
Global
	GlobalSection(SolutionConfigurationPlatforms) = preSolution
		Debug|Any CPU = Debug|Any CPU
		Release|Any CPU = Release|Any CPU
	EndGlobalSection
	GlobalSection(ProjectConfigurationPlatforms) = postSolution

		{817BD1C8-30F8-4C2A-B413-E9D43E0382A5}.Debug|Any CPU.ActiveCfg = Debug|Any CPU
		{817BD1C8-30F8-4C2A-B413-E9D43E0382A5}.Debug|Any CPU.Build.0 = Debug|Any CPU
		{817BD1C8-30F8-4C2A-B413-E9D43E0382A5}.Release|Any CPU.ActiveCfg = Release|Any CPU
		{817BD1C8-30F8-4C2A-B413-E9D43E0382A5}.Release|Any CPU.Build.0 = Release|Any CPU
		{549328EB-EF43-43F5-A4A4-1821DAAD74E7}.Debug|Any CPU.ActiveCfg = Debug|Any CPU
		{549328EB-EF43-43F5-A4A4-1821DAAD74E7}.Debug|Any CPU.Build.0 = Debug|Any CPU
		{549328EB-EF43-43F5-A4A4-1821DAAD74E7}.Release|Any CPU.ActiveCfg = Release|Any CPU
		{549328EB-EF43-43F5-A4A4-1821DAAD74E7}.Release|Any CPU.Build.0 = Release|Any CPU
	EndGlobalSection
	GlobalSection(SolutionProperties) = preSolution
		HideSolutionNode = FALSE
	EndGlobalSection
	GlobalSection(ExtensibilityGlobals) = postSolution
		SolutionGuid = {7B746F5D-4BE8-4AE8-B6FF-4EF1BE6D6819}
	EndGlobalSection
EndGlobal